
Microsoft Visual Studio Solution File, Format Version 12.00
# Visual Studio Version 16
VisualStudioVersion = 16.0.30611.23
MinimumVisualStudioVersion = 10.0.40219.1
Project("{FAE04EC0-301F-11D3-BF4B-00C04F79EFBC}") = "MVVM_WPF_SimpleQuizApp", "MVVM_WPF_SimpleQuizApp\MVVM_WPF_SimpleQuizApp.csproj", "{CACC98A5-693A-4853-BD9D-3E10FC1CCBB9}"
EndProject
Global
	GlobalSection(SolutionConfigurationPlatforms) = preSolution
		Debug|Any CPU = Debug|Any CPU
		Release|Any CPU = Release|Any CPU
	EndGlobalSection
	GlobalSection(ProjectConfigurationPlatforms) = postSolution
		{CACC98A5-693A-4853-BD9D-3E10FC1CCBB9}.Debug|Any CPU.ActiveCfg = Debug|Any CPU
		{CACC98A5-693A-4853-BD9D-3E10FC1CCBB9}.Debug|Any CPU.Build.0 = Debug|Any CPU
		{CACC98A5-693A-4853-BD9D-3E10FC1CCBB9}.Release|Any CPU.ActiveCfg = Release|Any CPU
		{CACC98A5-693A-4853-BD9D-3E10FC1CCBB9}.Release|Any CPU.Build.0 = Release|Any CPU
	EndGlobalSection
	GlobalSection(SolutionProperties) = preSolution
		HideSolutionNode = FALSE
	EndGlobalSection
	GlobalSection(ExtensibilityGlobals) = postSolution
		SolutionGuid = {732EE79D-7ABD-439C-BD70-84B9936036F1}
	EndGlobalSection
EndGlobal
